
Microsoft Visual Studio Solution File, Format Version 12.00
# Visual Studio Version 16
VisualStudioVersion = 16.0.31025.194
MinimumVisualStudioVersion = 10.0.40219.1
Project("{9A19103F-16F7-4668-BE54-9A1E7A4F7556}") = "BornoMala", "BornoMala\BornoMala.csproj", "{03D80847-BA69-4251-8449-B5B2E288AA21}"
EndProject
Project("{9A19103F-16F7-4668-BE54-9A1E7A4F7556}") = "BornoMala.DataAccess", "BornoMala.DataAccess\BornoMala.DataAccess.csproj", "{30D5E580-3D02-4D76-BAE0-3030A880D049}"
EndProject
Project("{9A19103F-16F7-4668-BE54-9A1E7A4F7556}") = "BornoMala.Models", "BornoMala.Models\BornoMala.Models.csproj", "{52E85DCE-513F-4AF3-BC67-02EF452DA41D}"
EndProject
Project("{9A19103F-16F7-4668-BE54-9A1E7A4F7556}") = "BornoMala.Utility", "BornoMala.Utility\BornoMala.Utility.csproj", "{0A9ED802-BF70-41CB-A2BE-A5778DAD5128}"
EndProject
Global
	GlobalSection(SolutionConfigurationPlatforms) = preSolution
		Debug|Any CPU = Debug|Any CPU
		Release|Any CPU = Release|Any CPU
	EndGlobalSection
	GlobalSection(ProjectConfigurationPlatforms) = postSolution
		{03D80847-BA69-4251-8449-B5B2E288AA21}.Debug|Any CPU.ActiveCfg = Debug|Any CPU
		{03D80847-BA69-4251-8449-B5B2E288AA21}.Debug|Any CPU.Build.0 = Debug|Any CPU
		{03D80847-BA69-4251-8449-B5B2E288AA21}.Release|Any CPU.ActiveCfg = Release|Any CPU
		{03D80847-BA69-4251-8449-B5B2E288AA21}.Release|Any CPU.Build.0 = Release|Any CPU
		{30D5E580-3D02-4D76-BAE0-3030A880D049}.Debug|Any CPU.ActiveCfg = Debug|Any CPU
		{30D5E580-3D02-4D76-BAE0-3030A880D049}.Debug|Any CPU.Build.0 = Debug|Any CPU
		{30D5E580-3D02-4D76-BAE0-3030A880D049}.Release|Any CPU.ActiveCfg = Release|Any CPU
		{30D5E580-3D02-4D76-BAE0-3030A880D049}.Release|Any CPU.Build.0 = Release|Any CPU
		{52E85DCE-513F-4AF3-BC67-02EF452DA41D}.Debug|Any CPU.ActiveCfg = Debug|Any CPU
		{52E85DCE-513F-4AF3-BC67-02EF452DA41D}.Debug|Any CPU.Build.0 = Debug|Any CPU
		{52E85DCE-513F-4AF3-BC67-02EF452DA41D}.Release|Any CPU.ActiveCfg = Release|Any CPU
		{52E85DCE-513F-4AF3-BC67-02EF452DA41D}.Release|Any CPU.Build.0 = Release|Any CPU
		{0A9ED802-BF70-41CB-A2BE-A5778DAD5128}.Debug|Any CPU.ActiveCfg = Debug|Any CPU
		{0A9ED802-BF70-41CB-A2BE-A5778DAD5128}.Debug|Any CPU.Build.0 = Debug|Any CPU
		{0A9ED802-BF70-41CB-A2BE-A5778DAD5128}.Release|Any CPU.ActiveCfg = Release|Any CPU
		{0A9ED802-BF70-41CB-A2BE-A5778DAD5128}.Release|Any CPU.Build.0 = Release|Any CPU
	EndGlobalSection
	GlobalSection(SolutionProperties) = preSolution
		HideSolutionNode = FALSE
	EndGlobalSection
	GlobalSection(ExtensibilityGlobals) = postSolution
		SolutionGuid = {1D6E98C9-ACE6-43D7-9CD4-15F59A95FA68}
	EndGlobalSection
EndGlobal
